{
  "version": 4,
  "terraform_version": "1.14.0",
  "serial": 3,
  "lineage": "32a87982-e9b8-b73e-7d8b-ba1abbb4aea4",
  "outputs": {},
  "resources": [
    {
      "mode": "managed",
      "type": "kubernetes_config_map",
      "name": "demo_config",
      "provider": "provider[\"registry.terraform.io/hashicorp/kubernetes\"]",
      "instances": [
        {
          "schema_version": 0,
          "attributes": {
            "binary_data": null,
            "data": {
              "APP_NAME": "demo-app",
              "ENV": "local"
            },
            "id": "demo/demo-config",
            "immutable": false,
            "metadata": [
              {
                "annotations": null,
                "generate_name": "",
                "generation": 0,
                "labels": null,
                "name": "demo-config",
                "namespace": "demo",
                "resource_version": "2280",
                "uid": "25d959e0-4ca8-4ef6-9046-a0be5d227969"
              }
            ]
          },
          "sensitive_attributes": [],
          "identity_schema_version": 1,
          "identity": {
            "api_version": "v1",
            "kind": "ConfigMap",
            "name": "demo-config",
            "namespace": "demo"
          },
          "private": "bnVsbA==",
          "dependencies": [
            "kubernetes_namespace.demo"
          ]
        }
      ]
    },
    {
      "mode": "managed",
      "type": "kubernetes_namespace",
      "name": "demo",
      "provider": "provider[\"registry.terraform.io/hashicorp/kubernetes\"]",
      "instances": [
        {
          "schema_version": 0,
          "attributes": {
            "id": "demo",
            "metadata": [
              {
                "annotations": null,
                "generate_name": "",
                "generation": 0,
                "labels": null,
                "name": "demo",
                "resource_version": "2277",
                "uid": "91ee2886-5cd6-4463-b330-a526d1a760a5"
              }
            ],
            "timeouts": null,
            "wait_for_default_service_account": false
          },
          "sensitive_attributes": [],
          "identity_schema_version": 1,
          "identity": {
            "api_version": "v1",
            "kind": "Namespace",
            "name": "demo"
          },
          "private": "eyJlMmJmYjczMC1lY2FhLTExZTYtOGY4OC0zNDM2M2JjN2M0YzAiOnsiZGVsZXRlIjozMDAwMDAwMDAwMDB9fQ=="
        }
      ]
    }
  ],
  "check_results": null
}
